// !$*UTF8*$!
{
	archiveVersion = 1;
	classes = {
	};
	objectVersion = 46;
	objects = {

/* Begin PBXBuildFile section */
		B51CB1991E2B33DF00799670 /* BCMDoublyLinkedList+Sorting.swift in Sources */ = {isa = PBXBuildFile; fileRef = B51CB1981E2B33DF00799670 /* BCMDoublyLinkedList+Sorting.swift */; };
		B52ABE1A1CCA24E200C596F4 /* BCMDoublyLinkedList.h in Headers */ = {isa = PBXBuildFile; fileRef = B52ABE191CCA24E200C596F4 /* BCMDoublyLinkedList.h */; settings = {ATTRIBUTES = (Public, ); }; };
		B52ABE211CCA24E200C596F4 /* BCMDoublyLinkedList.framework in Frameworks */ = {isa = PBXBuildFile; fileRef = B52ABE161CCA24E200C596F4 /* BCMDoublyLinkedList.framework */; };
		B52ABE261CCA24E200C596F4 /* BCMDoublyLinkedListTests.swift in Sources */ = {isa = PBXBuildFile; fileRef = B52ABE251CCA24E200C596F4 /* BCMDoublyLinkedListTests.swift */; };
		B52ABE391CCA276200C596F4 /* BCMDoublyLinkedList.swift in Sources */ = {isa = PBXBuildFile; fileRef = B52ABE381CCA276200C596F4 /* BCMDoublyLinkedList.swift */; };
		B52FCD151CD76ED700E8D2E0 /* BCMDoublyLinkedList+Equatable.swift in Sources */ = {isa = PBXBuildFile; fileRef = B52FCD141CD76ED700E8D2E0 /* BCMDoublyLinkedList+Equatable.swift */; };
		B56274AF22B27C94009BE150 /* Node in Resources */ = {isa = PBXBuildFile; fileRef = B56274AE22B27C94009BE150 /* Node */; };
		B5891DBE1E29BF0B001E2F14 /* BCMDoublyLinkedList+Error.swift in Sources */ = {isa = PBXBuildFile; fileRef = B5891DBD1E29BF0B001E2F14 /* BCMDoublyLinkedList+Error.swift */; };
		B5D695881CD377AA007A57CD /* BCMDoublyLinkedList+Sequence.swift in Sources */ = {isa = PBXBuildFile; fileRef = B5D695871CD377AA007A57CD /* BCMDoublyLinkedList+Sequence.swift */; };
		B5F2FD30229BE64400691154 /* SortTests.swift in Sources */ = {isa = PBXBuildFile; fileRef = B5F2FD2F229BE64400691154 /* SortTests.swift */; };
/* End PBXBuildFile section */

/* Begin PBXContainerItemProxy section */
		B52ABE221CCA24E200C596F4 /* PBXContainerItemProxy */ = {
			isa = PBXContainerItemProxy;
			containerPortal = B52ABE0D1CCA24E200C596F4 /* Project object */;
			proxyType = 1;
			remoteGlobalIDString = B52ABE151CCA24E200C596F4;
			remoteInfo = BCMDoublyLinkedList;
		};
/* End PBXContainerItemProxy section */

/* Begin PBXFileReference section */
		B51CB1981E2B33DF00799670 /* BCMDoublyLinkedList+Sorting.swift */ = {isa = PBXFileReference; fileEncoding = 4; lastKnownFileType = sourcecode.swift; path = "BCMDoublyLinkedList+Sorting.swift"; sourceTree = "<group>"; };
		B52ABE161CCA24E200C596F4 /* BCMDoublyLinkedList.framework */ = {isa = PBXFileReference; explicitFileType = wrapper.framework; includeInIndex = 0; path = BCMDoublyLinkedList.framework; sourceTree = BUILT_PRODUCTS_DIR; };
		B52ABE191CCA24E200C596F4 /* BCMDoublyLinkedList.h */ = {isa = PBXFileReference; lastKnownFileType = sourcecode.c.h; path = BCMDoublyLinkedList.h; sourceTree = "<group>"; };
		B52ABE1B1CCA24E200C596F4 /* Info.plist */ = {isa = PBXFileReference; lastKnownFileType = text.plist.xml; path = Info.plist; sourceTree = "<group>"; };
		B52ABE201CCA24E200C596F4 /* BCMDoublyLinkedListTests.xctest */ = {isa = PBXFileReference; explicitFileType = wrapper.cfbundle; includeInIndex = 0; path = BCMDoublyLinkedListTests.xctest; sourceTree = BUILT_PRODUCTS_DIR; };
		B52ABE251CCA24E200C596F4 /* BCMDoublyLinkedListTests.swift */ = {isa = PBXFileReference; lastKnownFileType = sourcecode.swift; path = BCMDoublyLinkedListTests.swift; sourceTree = "<group>"; };
		B52ABE271CCA24E200C596F4 /* Info.plist */ = {isa = PBXFileReference; lastKnownFileType = text.plist.xml; path = Info.plist; sourceTree = "<group>"; };
		B52ABE381CCA276200C596F4 /* BCMDoublyLinkedList.swift */ = {isa = PBXFileReference; fileEncoding = 4; lastKnownFileType = sourcecode.swift; path = BCMDoublyLinkedList.swift; sourceTree = "<group>"; };
		B52FCD141CD76ED700E8D2E0 /* BCMDoublyLinkedList+Equatable.swift */ = {isa = PBXFileReference; fileEncoding = 4; lastKnownFileType = sourcecode.swift; path = "BCMDoublyLinkedList+Equatable.swift"; sourceTree = "<group>"; };
		B56274AE22B27C94009BE150 /* Node */ = {isa = PBXFileReference; lastKnownFileType = folder; path = Node; sourceTree = "<group>"; };
		B5891DBD1E29BF0B001E2F14 /* BCMDoublyLinkedList+Error.swift */ = {isa = PBXFileReference; fileEncoding = 4; lastKnownFileType = sourcecode.swift; path = "BCMDoublyLinkedList+Error.swift"; sourceTree = "<group>"; };
		B5D695871CD377AA007A57CD /* BCMDoublyLinkedList+Sequence.swift */ = {isa = PBXFileReference; fileEncoding = 4; lastKnownFileType = sourcecode.swift; name = "BCMDoublyLinkedList+Sequence.swift"; path = "List/BCMDoublyLinkedList+Sequence.swift"; sourceTree = "<group>"; };
		B5F2FD2F229BE64400691154 /* SortTests.swift */ = {isa = PBXFileReference; lastKnownFileType = sourcecode.swift; path = SortTests.swift; sourceTree = "<group>"; };
/* End PBXFileReference section */

/* Begin PBXFrameworksBuildPhase section */
		B52ABE121CCA24E200C596F4 /* Frameworks */ = {
			isa = PBXFrameworksBuildPhase;
			buildActionMask = 2147483647;
			files = (
			);
			runOnlyForDeploymentPostprocessing = 0;
		};
		B52ABE1D1CCA24E200C596F4 /* Frameworks */ = {
			isa = PBXFrameworksBuildPhase;
			buildActionMask = 2147483647;
			files = (
				B52ABE211CCA24E200C596F4 /* BCMDoublyLinkedList.framework in Frameworks */,
			);
			runOnlyForDeploymentPostprocessing = 0;
		};
/* End PBXFrameworksBuildPhase section */

/* Begin PBXGroup section */
		B52ABE0C1CCA24E200C596F4 = {
			isa = PBXGroup;
			children = (
				B52ABE181CCA24E200C596F4 /* BCMDoublyLinkedList */,
				B52ABE241CCA24E200C596F4 /* BCMDoublyLinkedListTests */,
				B52ABE171CCA24E200C596F4 /* Products */,
			);
			sourceTree = "<group>";
		};
		B52ABE171CCA24E200C596F4 /* Products */ = {
			isa = PBXGroup;
			children = (
				B52ABE161CCA24E200C596F4 /* BCMDoublyLinkedList.framework */,
				B52ABE201CCA24E200C596F4 /* BCMDoublyLinkedListTests.xctest */,
			);
			name = Products;
			sourceTree = "<group>";
		};
		B52ABE181CCA24E200C596F4 /* BCMDoublyLinkedList */ = {
			isa = PBXGroup;
			children = (
				B56274AE22B27C94009BE150 /* Node */,
				B52ABE191CCA24E200C596F4 /* BCMDoublyLinkedList.h */,
				B52ABE1B1CCA24E200C596F4 /* Info.plist */,
				B52ABE371CCA257A00C596F4 /* List */,
			);
			path = BCMDoublyLinkedList;
			sourceTree = "<group>";
		};
		B52ABE241CCA24E200C596F4 /* BCMDoublyLinkedListTests */ = {
			isa = PBXGroup;
			children = (
				B52ABE251CCA24E200C596F4 /* BCMDoublyLinkedListTests.swift */,
				B5F2FD2F229BE64400691154 /* SortTests.swift */,
				B52ABE271CCA24E200C596F4 /* Info.plist */,
			);
			path = BCMDoublyLinkedListTests;
			sourceTree = "<group>";
		};
		B52ABE371CCA257A00C596F4 /* List */ = {
			isa = PBXGroup;
			children = (
				B52ABE381CCA276200C596F4 /* BCMDoublyLinkedList.swift */,
				B5D695871CD377AA007A57CD /* BCMDoublyLinkedList+Sequence.swift */,
				B52FCD141CD76ED700E8D2E0 /* BCMDoublyLinkedList+Equatable.swift */,
				B5891DBD1E29BF0B001E2F14 /* BCMDoublyLinkedList+Error.swift */,
				B51CB1981E2B33DF00799670 /* BCMDoublyLinkedList+Sorting.swift */,
			);
			name = List;
			sourceTree = "<group>";
		};
/* End PBXGroup section */

/* Begin PBXHeadersBuildPhase section */
		B52ABE131CCA24E200C596F4 /* Headers */ = {
			isa = PBXHeadersBuildPhase;
			buildActionMask = 2147483647;
			files = (
				B52ABE1A1CCA24E200C596F4 /* BCMDoublyLinkedList.h in Headers */,
			);
			runOnlyForDeploymentPostprocessing = 0;
		};
/* End PBXHeadersBuildPhase section */

/* Begin PBXNativeTarget section */
		B52ABE151CCA24E200C596F4 /* BCMDoublyLinkedList */ = {
			isa = PBXNativeTarget;
			buildConfigurationList = B52ABE2A1CCA24E200C596F4 /* Build configuration list for PBXNativeTarget "BCMDoublyLinkedList" */;
			buildPhases = (
				B52ABE111CCA24E200C596F4 /* Sources */,
				B52ABE121CCA24E200C596F4 /* Frameworks */,
				B52ABE131CCA24E200C596F4 /* Headers */,
				B52ABE141CCA24E200C596F4 /* Resources */,
			);
			buildRules = (
			);
			dependencies = (
			);
			name = BCMDoublyLinkedList;
			productName = BCMDoublyLinkedList;
			productReference = B52ABE161CCA24E200C596F4 /* BCMDoublyLinkedList.framework */;
			productType = "com.apple.product-type.framework";
		};
		B52ABE1F1CCA24E200C596F4 /* BCMDoublyLinkedListTests */ = {
			isa = PBXNativeTarget;
			buildConfigurationList = B52ABE2D1CCA24E200C596F4 /* Build configuration list for PBXNativeTarget "BCMDoublyLinkedListTests" */;
			buildPhases = (
				B52ABE1C1CCA24E200C596F4 /* Sources */,
				B52ABE1D1CCA24E200C596F4 /* Frameworks */,
				B52ABE1E1CCA24E200C596F4 /* Resources */,
			);
			buildRules = (
			);
			dependencies = (
				B52ABE231CCA24E200C596F4 /* PBXTargetDependency */,
			);
			name = BCMDoublyLinkedListTests;
			productName = BCMDoublyLinkedListTests;
			productReference = B52ABE201CCA24E200C596F4 /* BCMDoublyLinkedListTests.xctest */;
			productType = "com.apple.product-type.bundle.unit-test";
		};
/* End PBXNativeTarget section */

/* Begin PBXProject section */
		B52ABE0D1CCA24E200C596F4 /* Project object */ = {
			isa = PBXProject;
			attributes = {
				LastSwiftUpdateCheck = 0720;
				LastUpgradeCheck = 0720;
				ORGANIZATIONNAME = "Benjamin C Morrison";
				TargetAttributes = {
					B52ABE151CCA24E200C596F4 = {
						CreatedOnToolsVersion = 7.2.1;
						DevelopmentTeam = 4B35ZUZXEQ;
						LastSwiftMigration = 1020;
					};
					B52ABE1F1CCA24E200C596F4 = {
						CreatedOnToolsVersion = 7.2.1;
						LastSwiftMigration = 1020;
					};
				};
			};
			buildConfigurationList = B52ABE101CCA24E200C596F4 /* Build configuration list for PBXProject "BCMDoublyLinkedList" */;
			compatibilityVersion = "Xcode 3.2";
			developmentRegion = English;
			hasScannedForEncodings = 0;
			knownRegions = (
				English,
				en,
			);
			mainGroup = B52ABE0C1CCA24E200C596F4;
			productRefGroup = B52ABE171CCA24E200C596F4 /* Products */;
			projectDirPath = "";
			projectRoot = "";
			targets = (
				B52ABE151CCA24E200C596F4 /* BCMDoublyLinkedList */,
				B52ABE1F1CCA24E200C596F4 /* BCMDoublyLinkedListTests */,
			);
		};
/* End PBXProject section */

/* Begin PBXResourcesBuildPhase section */
		B52ABE141CCA24E200C596F4 /* Resources */ = {
			isa = PBXResourcesBuildPhase;
			buildActionMask = 2147483647;
			files = (
				B56274AF22B27C94009BE150 /* Node in Resources */,
			);
			runOnlyForDeploymentPostprocessing = 0;
		};
		B52ABE1E1CCA24E200C596F4 /* Resources */ = {
			isa = PBXResourcesBuildPhase;
			buildActionMask = 2147483647;
			files = (
			);
			runOnlyForDeploymentPostprocessing = 0;
		};
/* End PBXResourcesBuildPhase section */

/* Begin PBXSourcesBuildPhase section */
		B52ABE111CCA24E200C596F4 /* Sources */ = {
			isa = PBXSourcesBuildPhase;
			buildActionMask = 2147483647;
			files = (
				B52ABE391CCA276200C596F4 /* BCMDoublyLinkedList.swift in Sources */,
				B52FCD151CD76ED700E8D2E0 /* BCMDoublyLinkedList+Equatable.swift in Sources */,
				B5D695881CD377AA007A57CD /* BCMDoublyLinkedList+Sequence.swift in Sources */,
				B51CB1991E2B33DF00799670 /* BCMDoublyLinkedList+Sorting.swift in Sources */,
				B5891DBE1E29BF0B001E2F14 /* BCMDoublyLinkedList+Error.swift in Sources */,
			);
			runOnlyForDeploymentPostprocessing = 0;
		};
		B52ABE1C1CCA24E200C596F4 /* Sources */ = {
			isa = PBXSourcesBuildPhase;
			buildActionMask = 2147483647;
			files = (
				B52ABE261CCA24E200C596F4 /* BCMDoublyLinkedListTests.swift in Sources */,
				B5F2FD30229BE64400691154 /* SortTests.swift in Sources */,
			);
			runOnlyForDeploymentPostprocessing = 0;
		};
/* End PBXSourcesBuildPhase section */

/* Begin PBXTargetDependency section */
		B52ABE231CCA24E200C596F4 /* PBXTargetDependency */ = {
			isa = PBXTargetDependency;
			target = B52ABE151CCA24E200C596F4 /* BCMDoublyLinkedList */;
			targetProxy = B52ABE221CCA24E200C596F4 /* PBXContainerItemProxy */;
		};
/* End PBXTargetDependency section */

/* Begin XCBuildConfiguration section */
		B52ABE281CCA24E200C596F4 /* Debug */ = {
			isa = XCBuildConfiguration;
			buildSettings = {
				ALWAYS_SEARCH_USER_PATHS = NO;
				CLANG_CXX_LANGUAGE_STANDARD = "gnu++0x";
				CLANG_CXX_LIBRARY = "libc++";
				CLANG_ENABLE_MODULES = YES;
				CLANG_ENABLE_OBJC_ARC = YES;
				CLANG_WARN_BOOL_CONVERSION = YES;
				CLANG_WARN_CONSTANT_CONVERSION = YES;
				CLANG_WARN_DIRECT_OBJC_ISA_USAGE = YES_ERROR;
				CLANG_WARN_EMPTY_BODY = YES;
				CLANG_WARN_ENUM_CONVERSION = YES;
				CLANG_WARN_INT_CONVERSION = YES;
				CLANG_WARN_OBJC_ROOT_CLASS = YES_ERROR;
				CLANG_WARN_UNREACHABLE_CODE = YES;
				CLANG_WARN__DUPLICATE_METHOD_MATCH = YES;
				"CODE_SIGN_IDENTITY[sdk=iphoneos*]" = "iPhone Developer";
				COPY_PHASE_STRIP = NO;
				CURRENT_PROJECT_VERSION = 1;
				DEBUG_INFORMATION_FORMAT = dwarf;
				ENABLE_STRICT_OBJC_MSGSEND = YES;
				ENABLE_TESTABILITY = YES;
				GCC_C_LANGUAGE_STANDARD = gnu99;
				GCC_DYNAMIC_NO_PIC = NO;
				GCC_NO_COMMON_BLOCKS = YES;
				GCC_OPTIMIZATION_LEVEL = 0;
				GCC_PREPROCESSOR_DEFINITIONS = (
					"DEBUG=1",
					"$(inherited)",
				);
				GCC_WARN_64_TO_32_BIT_CONVERSION = YES;
				GCC_WARN_ABOUT_RETURN_TYPE = YES_ERROR;
				GCC_WARN_UNDECLARED_SELECTOR = YES;
				GCC_WARN_UNINITIALIZED_AUTOS = YES_AGGRESSIVE;
				GCC_WARN_UNUSED_FUNCTION = YES;
				GCC_WARN_UNUSED_VARIABLE = YES;
				IPHONEOS_DEPLOYMENT_TARGET = 9.2;
				MTL_ENABLE_DEBUG_INFO = YES;
				ONLY_ACTIVE_ARCH = YES;
				SDKROOT = iphoneos;
				SWIFT_OPTIMIZATION_LEVEL = "-Onone";
				TARGETED_DEVICE_FAMILY = "1,2";
				VERSIONING_SYSTEM = "apple-generic";
				VERSION_INFO_PREFIX = "";
			};
			name = Debug;
		};
		B52ABE291CCA24E200C596F4 /* Release */ = {
			isa = XCBuildConfiguration;
			buildSettings = {
				ALWAYS_SEARCH_USER_PATHS = NO;
				CLANG_CXX_LANGUAGE_STANDARD = "gnu++0x";
				CLANG_CXX_LIBRARY = "libc++";
				CLANG_ENABLE_MODULES = YES;
				CLANG_ENABLE_OBJC_ARC = YES;
				CLANG_WARN_BOOL_CONVERSION = YES;
				CLANG_WARN_CONSTANT_CONVERSION = YES;
				CLANG_WARN_DIRECT_OBJC_ISA_USAGE = YES_ERROR;
				CLANG_WARN_EMPTY_BODY = YES;
				CLANG_WARN_ENUM_CONVERSION = YES;
				CLANG_WARN_INT_CONVERSION = YES;
				CLANG_WARN_OBJC_ROOT_CLASS = YES_ERROR;
				CLANG_WARN_UNREACHABLE_CODE = YES;
				CLANG_WARN__DUPLICATE_METHOD_MATCH = YES;
				"CODE_SIGN_IDENTITY[sdk=iphoneos*]" = "iPhone Developer";
				COPY_PHASE_STRIP = NO;
				CURRENT_PROJECT_VERSION = 1;
				DEBUG_INFORMATION_FORMAT = "dwarf-with-dsym";
				ENABLE_NS_ASSERTIONS = NO;
				ENABLE_STRICT_OBJC_MSGSEND = YES;
				GCC_C_LANGUAGE_STANDARD = gnu99;
				GCC_NO_COMMON_BLOCKS = YES;
				GCC_WARN_64_TO_32_BIT_CONVERSION = YES;
				GCC_WARN_ABOUT_RETURN_TYPE = YES_ERROR;
				GCC_WARN_UNDECLARED_SELECTOR = YES;
				GCC_WARN_UNINITIALIZED_AUTOS = YES_AGGRESSIVE;
				GCC_WARN_UNUSED_FUNCTION = YES;
				GCC_WARN_UNUSED_VARIABLE = YES;
				IPHONEOS_DEPLOYMENT_TARGET = 9.2;
				MTL_ENABLE_DEBUG_INFO = NO;
				SDKROOT = iphoneos;
				TARGETED_DEVICE_FAMILY = "1,2";
				VALIDATE_PRODUCT = YES;
				VERSIONING_SYSTEM = "apple-generic";
				VERSION_INFO_PREFIX = "";
			};
			name = Release;
		};
		B52ABE2B1CCA24E200C596F4 /* Debug */ = {
			isa = XCBuildConfiguration;
			buildSettings = {
				CLANG_ENABLE_MODULES = YES;
				CODE_SIGN_IDENTITY = "iPhone Developer";
				DEFINES_MODULE = YES;
				DYLIB_COMPATIBILITY_VERSION = 1;
				DYLIB_CURRENT_VERSION = 1;
				DYLIB_INSTALL_NAME_BASE = "@rpath";
				INFOPLIST_FILE = BCMDoublyLinkedList/Info.plist;
				INSTALL_PATH = "$(LOCAL_LIBRARY_DIR)/Frameworks";
				LD_RUNPATH_SEARCH_PATHS = "$(inherited) @executable_path/Frameworks @loader_path/Frameworks";
				PRODUCT_BUNDLE_IDENTIFIER = com.segfaultftw.BCMDoublyLinkedList;
				PRODUCT_NAME = "$(TARGET_NAME)";
				SKIP_INSTALL = YES;
				SWIFT_OPTIMIZATION_LEVEL = "-Onone";
				SWIFT_VERSION = 5.0;
			};
			name = Debug;
		};
		B52ABE2C1CCA24E200C596F4 /* Release */ = {
			isa = XCBuildConfiguration;
			buildSettings = {
				CLANG_ENABLE_MODULES = YES;
				CODE_SIGN_IDENTITY = "iPhone Developer";
				DEFINES_MODULE = YES;
				DYLIB_COMPATIBILITY_VERSION = 1;
				DYLIB_CURRENT_VERSION = 1;
				DYLIB_INSTALL_NAME_BASE = "@rpath";
				INFOPLIST_FILE = BCMDoublyLinkedList/Info.plist;
				INSTALL_PATH = "$(LOCAL_LIBRARY_DIR)/Frameworks";
				LD_RUNPATH_SEARCH_PATHS = "$(inherited) @executable_path/Frameworks @loader_path/Frameworks";
				PRODUCT_BUNDLE_IDENTIFIER = com.segfaultftw.BCMDoublyLinkedList;
				PRODUCT_NAME = "$(TARGET_NAME)";
				SKIP_INSTALL = YES;
				SWIFT_VERSION = 5.0;
			};
			name = Release;
		};
		B52ABE2E1CCA24E200C596F4 /* Debug */ = {
			isa = XCBuildConfiguration;
			buildSettings = {
				INFOPLIST_FILE = BCMDoublyLinkedListTests/Info.plist;
				LD_RUNPATH_SEARCH_PATHS = "$(inherited) @executable_path/Frameworks @loader_path/Frameworks";
				PRODUCT_BUNDLE_IDENTIFIER = com.segfaultftw.BCMDoublyLinkedListTests;
				PRODUCT_NAME = "$(TARGET_NAME)";
				SWIFT_VERSION = 5.0;
			};
			name = Debug;
		};
		B52ABE2F1CCA24E200C596F4 /* Release */ = {
			isa = XCBuildConfiguration;
			buildSettings = {
				INFOPLIST_FILE = BCMDoublyLinkedListTests/Info.plist;
				LD_RUNPATH_SEARCH_PATHS = "$(inherited) @executable_path/Frameworks @loader_path/Frameworks";
				PRODUCT_BUNDLE_IDENTIFIER = com.segfaultftw.BCMDoublyLinkedListTests;
				PRODUCT_NAME = "$(TARGET_NAME)";
				SWIFT_VERSION = 5.0;
			};
			name = Release;
		};
/* End XCBuildConfiguration section */

/* Begin XCConfigurationList section */
		B52ABE101CCA24E200C596F4 /* Build configuration list for PBXProject "BCMDoublyLinkedList" */ = {
			isa = XCConfigurationList;
			buildConfigurations = (
				B52ABE281CCA24E200C596F4 /* Debug */,
				B52ABE291CCA24E200C596F4 /* Release */,
			);
			defaultConfigurationIsVisible = 0;
			defaultConfigurationName = Release;
		};
		B52ABE2A1CCA24E200C596F4 /* Build configuration list for PBXNativeTarget "BCMDoublyLinkedList" */ = {
			isa = XCConfigurationList;
			buildConfigurations = (
				B52ABE2B1CCA24E200C596F4 /* Debug */,
				B52ABE2C1CCA24E200C596F4 /* Release */,
			);
			defaultConfigurationIsVisible = 0;
			defaultConfigurationName = Release;
		};
		B52ABE2D1CCA24E200C596F4 /* Build configuration list for PBXNativeTarget "BCMDoublyLinkedListTests" */ = {
			isa = XCConfigurationList;
			buildConfigurations = (
				B52ABE2E1CCA24E200C596F4 /* Debug */,
				B52ABE2F1CCA24E200C596F4 /* Release */,
			);
			defaultConfigurationIsVisible = 0;
			defaultConfigurationName = Release;
		};
/* End XCConfigurationList section */
	};
	rootObject = B52ABE0D1CCA24E200C596F4 /* Project object */;
}
